// !$*UTF8*$!
{
	archiveVersion = 1;
	classes = {
	};
	objectVersion = 56;
	objects = {

/* Begin PBXBuildFile section */
		D93B042A2C48244F00802D2B /* BarlowSemiCondensed-Black.ttf in Resources */ = {isa = PBXBuildFile; fileRef = D93B04212C48244F00802D2B /* BarlowSemiCondensed-Black.ttf */; };
		D93B042B2C48244F00802D2B /* BarlowSemiCondensed-Black.ttf in Resources */ = {isa = PBXBuildFile; fileRef = D93B04212C48244F00802D2B /* BarlowSemiCondensed-Black.ttf */; };
		D93B042E2C48244F00802D2B /* BarlowSemiCondensed-Regular.ttf in Resources */ = {isa = PBXBuildFile; fileRef = D93B04232C48244F00802D2B /* BarlowSemiCondensed-Regular.ttf */; };
		D93B042F2C48244F00802D2B /* BarlowSemiCondensed-Regular.ttf in Resources */ = {isa = PBXBuildFile; fileRef = D93B04232C48244F00802D2B /* BarlowSemiCondensed-Regular.ttf */; };
		D93B04302C48244F00802D2B /* BarlowSemiCondensed-SemiBold.ttf in Resources */ = {isa = PBXBuildFile; fileRef = D93B04242C48244F00802D2B /* BarlowSemiCondensed-SemiBold.ttf */; };
		D93B04312C48244F00802D2B /* BarlowSemiCondensed-SemiBold.ttf in Resources */ = {isa = PBXBuildFile; fileRef = D93B04242C48244F00802D2B /* BarlowSemiCondensed-SemiBold.ttf */; };
		D93B04322C48244F00802D2B /* BarlowSemiCondensed-Bold.ttf in Resources */ = {isa = PBXBuildFile; fileRef = D93B04252C48244F00802D2B /* BarlowSemiCondensed-Bold.ttf */; };
		D93B04332C48244F00802D2B /* BarlowSemiCondensed-Bold.ttf in Resources */ = {isa = PBXBuildFile; fileRef = D93B04252C48244F00802D2B /* BarlowSemiCondensed-Bold.ttf */; };
		D93B04342C48244F00802D2B /* BarlowSemiCondensed-Medium.ttf in Resources */ = {isa = PBXBuildFile; fileRef = D93B04262C48244F00802D2B /* BarlowSemiCondensed-Medium.ttf */; };
		D93B04352C48244F00802D2B /* BarlowSemiCondensed-Medium.ttf in Resources */ = {isa = PBXBuildFile; fileRef = D93B04262C48244F00802D2B /* BarlowSemiCondensed-Medium.ttf */; };
		D93B043A2C48244F00802D2B /* BarlowSemiCondensed-ExtraBold.ttf in Resources */ = {isa = PBXBuildFile; fileRef = D93B04292C48244F00802D2B /* BarlowSemiCondensed-ExtraBold.ttf */; };
		D93B043B2C48244F00802D2B /* BarlowSemiCondensed-ExtraBold.ttf in Resources */ = {isa = PBXBuildFile; fileRef = D93B04292C48244F00802D2B /* BarlowSemiCondensed-ExtraBold.ttf */; };
		D93B043D2C48255E00802D2B /* Font.swift in Sources */ = {isa = PBXBuildFile; fileRef = D93B043C2C48255E00802D2B /* Font.swift */; };
		D93B043E2C48255E00802D2B /* Font.swift in Sources */ = {isa = PBXBuildFile; fileRef = D93B043C2C48255E00802D2B /* Font.swift */; };
		D93B04422C482A6D00802D2B /* StatisticsView.swift in Sources */ = {isa = PBXBuildFile; fileRef = D93B04412C482A6D00802D2B /* StatisticsView.swift */; };
		D93B04482C482B8400802D2B /* DeviceActivityManager.swift in Sources */ = {isa = PBXBuildFile; fileRef = D93B04472C482B8400802D2B /* DeviceActivityManager.swift */; };
		D93B04492C482B8400802D2B /* DeviceActivityManager.swift in Sources */ = {isa = PBXBuildFile; fileRef = D93B04472C482B8400802D2B /* DeviceActivityManager.swift */; };
		D93B044B2C482CC700802D2B /* AppDeviceActivity.swift in Sources */ = {isa = PBXBuildFile; fileRef = D9F022872C45481E00A84881 /* AppDeviceActivity.swift */; };
		D93B044D2C482EBB00802D2B /* CircleChart.swift in Sources */ = {isa = PBXBuildFile; fileRef = D93B043F2C48272000802D2B /* CircleChart.swift */; };
		D93B04502C48310100802D2B /* DashboardView.swift in Sources */ = {isa = PBXBuildFile; fileRef = D93B044F2C48310100802D2B /* DashboardView.swift */; };
		D93B04522C48320000802D2B /* DeviceActivityReportContext+Extensions.swift in Sources */ = {isa = PBXBuildFile; fileRef = D93B04512C48320000802D2B /* DeviceActivityReportContext+Extensions.swift */; };
		D93B04532C48320E00802D2B /* DeviceActivityReportContext+Extensions.swift in Sources */ = {isa = PBXBuildFile; fileRef = D93B04512C48320000802D2B /* DeviceActivityReportContext+Extensions.swift */; };
		D97C64422C4694A200758B97 /* Color+Extensions.swift in Sources */ = {isa = PBXBuildFile; fileRef = D97C64412C4694A200758B97 /* Color+Extensions.swift */; };
		D97C64432C4694B800758B97 /* Color+Extensions.swift in Sources */ = {isa = PBXBuildFile; fileRef = D97C64412C4694A200758B97 /* Color+Extensions.swift */; };
		D97C64452C4698ED00758B97 /* Double+Extensions.swift in Sources */ = {isa = PBXBuildFile; fileRef = D97C64442C4698ED00758B97 /* Double+Extensions.swift */; };
		D9F022302C4539FA00A84881 /* App.swift in Sources */ = {isa = PBXBuildFile; fileRef = D9F0222F2C4539FA00A84881 /* App.swift */; };
		D9F022342C4539FB00A84881 /* Assets.xcassets in Resources */ = {isa = PBXBuildFile; fileRef = D9F022332C4539FB00A84881 /* Assets.xcassets */; };
		D9F022372C4539FB00A84881 /* Preview Assets.xcassets in Resources */ = {isa = PBXBuildFile; fileRef = D9F022362C4539FB00A84881 /* Preview Assets.xcassets */; };
		D9F022412C453B2700A84881 /* HomeView.swift in Sources */ = {isa = PBXBuildFile; fileRef = D9F022402C453B2700A84881 /* HomeView.swift */; };
		D9F022732C453F9E00A84881 /* ReportExtension.swift in Sources */ = {isa = PBXBuildFile; fileRef = D9F022722C453F9E00A84881 /* ReportExtension.swift */; };
		D9F022752C453F9E00A84881 /* TotalActivityReport.swift in Sources */ = {isa = PBXBuildFile; fileRef = D9F022742C453F9E00A84881 /* TotalActivityReport.swift */; };
		D9F022772C453F9E00A84881 /* TotalActivityView.swift in Sources */ = {isa = PBXBuildFile; fileRef = D9F022762C453F9E00A84881 /* TotalActivityView.swift */; };
		D9F0227C2C453F9E00A84881 /* ReportExtension.appex in Embed ExtensionKit Extensions */ = {isa = PBXBuildFile; fileRef = D9F022702C453F9E00A84881 /* ReportExtension.appex */; settings = {ATTRIBUTES = (RemoveHeadersOnCopy, ); }; };
		D9F022882C45481E00A84881 /* AppDeviceActivity.swift in Sources */ = {isa = PBXBuildFile; fileRef = D9F022872C45481E00A84881 /* AppDeviceActivity.swift */; };
		D9F0228A2C454B9C00A84881 /* AppActivityRow.swift in Sources */ = {isa = PBXBuildFile; fileRef = D9F022892C454B9C00A84881 /* AppActivityRow.swift */; };
		D9F022902C454CD500A84881 /* Int+Extensions.swift in Sources */ = {isa = PBXBuildFile; fileRef = D9F0228F2C454CD500A84881 /* Int+Extensions.swift */; };
/* End PBXBuildFile section */

/* Begin PBXContainerItemProxy section */
		D9F0227A2C453F9E00A84881 /* PBXContainerItemProxy */ = {
			isa = PBXContainerItemProxy;
			containerPortal = D9F022242C4539FA00A84881 /* Project object */;
			proxyType = 1;
			remoteGlobalIDString = D9F0226F2C453F9E00A84881;
			remoteInfo = ReportExtension;
		};
/* End PBXContainerItemProxy section */

/* Begin PBXCopyFilesBuildPhase section */
		D9F022562C453BA000A84881 /* Embed ExtensionKit Extensions */ = {
			isa = PBXCopyFilesBuildPhase;
			buildActionMask = 2147483647;
			dstPath = "$(EXTENSIONS_FOLDER_PATH)";
			dstSubfolderSpec = 16;
			files = (
				D9F0227C2C453F9E00A84881 /* ReportExtension.appex in Embed ExtensionKit Extensions */,
			);
			name = "Embed ExtensionKit Extensions";
			runOnlyForDeploymentPostprocessing = 0;
		};
/* End PBXCopyFilesBuildPhase section */

/* Begin PBXFileReference section */
		D93B04212C48244F00802D2B /* BarlowSemiCondensed-Black.ttf */ = {isa = PBXFileReference; lastKnownFileType = file; path = "BarlowSemiCondensed-Black.ttf"; sourceTree = "<group>"; };
		D93B04232C48244F00802D2B /* BarlowSemiCondensed-Regular.ttf */ = {isa = PBXFileReference; lastKnownFileType = file; path = "BarlowSemiCondensed-Regular.ttf"; sourceTree = "<group>"; };
		D93B04242C48244F00802D2B /* BarlowSemiCondensed-SemiBold.ttf */ = {isa = PBXFileReference; lastKnownFileType = file; path = "BarlowSemiCondensed-SemiBold.ttf"; sourceTree = "<group>"; };
		D93B04252C48244F00802D2B /* BarlowSemiCondensed-Bold.ttf */ = {isa = PBXFileReference; lastKnownFileType = file; path = "BarlowSemiCondensed-Bold.ttf"; sourceTree = "<group>"; };
		D93B04262C48244F00802D2B /* BarlowSemiCondensed-Medium.ttf */ = {isa = PBXFileReference; lastKnownFileType = file; path = "BarlowSemiCondensed-Medium.ttf"; sourceTree = "<group>"; };
		D93B04292C48244F00802D2B /* BarlowSemiCondensed-ExtraBold.ttf */ = {isa = PBXFileReference; lastKnownFileType = file; path = "BarlowSemiCondensed-ExtraBold.ttf"; sourceTree = "<group>"; };
		D93B043C2C48255E00802D2B /* Font.swift */ = {isa = PBXFileReference; lastKnownFileType = sourcecode.swift; path = Font.swift; sourceTree = "<group>"; };
		D93B043F2C48272000802D2B /* CircleChart.swift */ = {isa = PBXFileReference; lastKnownFileType = sourcecode.swift; path = CircleChart.swift; sourceTree = "<group>"; };
		D93B04412C482A6D00802D2B /* StatisticsView.swift */ = {isa = PBXFileReference; lastKnownFileType = sourcecode.swift; path = StatisticsView.swift; sourceTree = "<group>"; };
		D93B04472C482B8400802D2B /* DeviceActivityManager.swift */ = {isa = PBXFileReference; lastKnownFileType = sourcecode.swift; path = DeviceActivityManager.swift; sourceTree = "<group>"; };
		D93B044F2C48310100802D2B /* DashboardView.swift */ = {isa = PBXFileReference; lastKnownFileType = sourcecode.swift; path = DashboardView.swift; sourceTree = "<group>"; };
		D93B04512C48320000802D2B /* DeviceActivityReportContext+Extensions.swift */ = {isa = PBXFileReference; lastKnownFileType = sourcecode.swift; path = "DeviceActivityReportContext+Extensions.swift"; sourceTree = "<group>"; };
		D97C64412C4694A200758B97 /* Color+Extensions.swift */ = {isa = PBXFileReference; fileEncoding = 4; lastKnownFileType = sourcecode.swift; path = "Color+Extensions.swift"; sourceTree = "<group>"; };
		D97C64442C4698ED00758B97 /* Double+Extensions.swift */ = {isa = PBXFileReference; lastKnownFileType = sourcecode.swift; path = "Double+Extensions.swift"; sourceTree = "<group>"; };
		D9F0222C2C4539FA00A84881 /* EcoTime.app */ = {isa = PBXFileReference; explicitFileType = wrapper.application; includeInIndex = 0; path = EcoTime.app; sourceTree = BUILT_PRODUCTS_DIR; };
		D9F0222F2C4539FA00A84881 /* App.swift */ = {isa = PBXFileReference; lastKnownFileType = sourcecode.swift; path = App.swift; sourceTree = "<group>"; };
		D9F022332C4539FB00A84881 /* Assets.xcassets */ = {isa = PBXFileReference; lastKnownFileType = folder.assetcatalog; path = Assets.xcassets; sourceTree = "<group>"; };
		D9F022362C4539FB00A84881 /* Preview Assets.xcassets */ = {isa = PBXFileReference; lastKnownFileType = folder.assetcatalog; path = "Preview Assets.xcassets"; sourceTree = "<group>"; };
		D9F022402C453B2700A84881 /* HomeView.swift */ = {isa = PBXFileReference; lastKnownFileType = sourcecode.swift; path = HomeView.swift; sourceTree = "<group>"; };
		D9F0226B2C453F8500A84881 /* EcoTime.entitlements */ = {isa = PBXFileReference; lastKnownFileType = text.plist.entitlements; path = EcoTime.entitlements; sourceTree = "<group>"; };
		D9F022702C453F9E00A84881 /* ReportExtension.appex */ = {isa = PBXFileReference; explicitFileType = "wrapper.extensionkit-extension"; includeInIndex = 0; path = ReportExtension.appex; sourceTree = BUILT_PRODUCTS_DIR; };
		D9F022722C453F9E00A84881 /* ReportExtension.swift */ = {isa = PBXFileReference; lastKnownFileType = sourcecode.swift; path = ReportExtension.swift; sourceTree = "<group>"; };
		D9F022742C453F9E00A84881 /* TotalActivityReport.swift */ = {isa = PBXFileReference; lastKnownFileType = sourcecode.swift; path = TotalActivityReport.swift; sourceTree = "<group>"; };
		D9F022762C453F9E00A84881 /* TotalActivityView.swift */ = {isa = PBXFileReference; lastKnownFileType = sourcecode.swift; path = TotalActivityView.swift; sourceTree = "<group>"; };
		D9F022782C453F9E00A84881 /* Info.plist */ = {isa = PBXFileReference; lastKnownFileType = text.plist.xml; path = Info.plist; sourceTree = "<group>"; };
		D9F022792C453F9E00A84881 /* ReportExtension.entitlements */ = {isa = PBXFileReference; lastKnownFileType = text.plist.entitlements; path = ReportExtension.entitlements; sourceTree = "<group>"; };
		D9F022872C45481E00A84881 /* AppDeviceActivity.swift */ = {isa = PBXFileReference; fileEncoding = 4; lastKnownFileType = sourcecode.swift; path = AppDeviceActivity.swift; sourceTree = "<group>"; };
		D9F022892C454B9C00A84881 /* AppActivityRow.swift */ = {isa = PBXFileReference; lastKnownFileType = sourcecode.swift; path = AppActivityRow.swift; sourceTree = "<group>"; };
		D9F0228F2C454CD500A84881 /* Int+Extensions.swift */ = {isa = PBXFileReference; lastKnownFileType = sourcecode.swift; path = "Int+Extensions.swift"; sourceTree = "<group>"; };
/* End PBXFileReference section */

/* Begin PBXFrameworksBuildPhase section */
		D9F022292C4539FA00A84881 /* Frameworks */ = {
			isa = PBXFrameworksBuildPhase;
			buildActionMask = 2147483647;
			files = (
			);
			runOnlyForDeploymentPostprocessing = 0;
		};
		D9F0226D2C453F9E00A84881 /* Frameworks */ = {
			isa = PBXFrameworksBuildPhase;
			buildActionMask = 2147483647;
			files = (
			);
			runOnlyForDeploymentPostprocessing = 0;
		};
/* End PBXFrameworksBuildPhase section */

/* Begin PBXGroup section */
		D93B04202C48243100802D2B /* Fonts */ = {
			isa = PBXGroup;
			children = (
				D93B043C2C48255E00802D2B /* Font.swift */,
				D93B04212C48244F00802D2B /* BarlowSemiCondensed-Black.ttf */,
				D93B04292C48244F00802D2B /* BarlowSemiCondensed-ExtraBold.ttf */,
				D93B04252C48244F00802D2B /* BarlowSemiCondensed-Bold.ttf */,
				D93B04242C48244F00802D2B /* BarlowSemiCondensed-SemiBold.ttf */,
				D93B04262C48244F00802D2B /* BarlowSemiCondensed-Medium.ttf */,
				D93B04232C48244F00802D2B /* BarlowSemiCondensed-Regular.ttf */,
			);
			path = Fonts;
			sourceTree = "<group>";
		};
		D93B04432C482B2300802D2B /* Components */ = {
			isa = PBXGroup;
			children = (
			);
			path = Components;
			sourceTree = "<group>";
		};
		D93B04462C482B6F00802D2B /* Managers */ = {
			isa = PBXGroup;
			children = (
				D93B04472C482B8400802D2B /* DeviceActivityManager.swift */,
			);
			path = Managers;
			sourceTree = "<group>";
		};
		D97C64402C46949300758B97 /* Extension */ = {
			isa = PBXGroup;
			children = (
				D97C64412C4694A200758B97 /* Color+Extensions.swift */,
			);
			path = Extension;
			sourceTree = "<group>";
		};
		D9F022232C4539FA00A84881 = {
			isa = PBXGroup;
			children = (
				D9F0222E2C4539FA00A84881 /* EcoTime */,
				D9F022712C453F9E00A84881 /* ReportExtension */,
				D9F0222D2C4539FA00A84881 /* Products */,
			);
			sourceTree = "<group>";
		};
		D9F0222D2C4539FA00A84881 /* Products */ = {
			isa = PBXGroup;
			children = (
				D9F0222C2C4539FA00A84881 /* EcoTime.app */,
				D9F022702C453F9E00A84881 /* ReportExtension.appex */,
			);
			name = Products;
			sourceTree = "<group>";
		};
		D9F0222E2C4539FA00A84881 /* EcoTime */ = {
			isa = PBXGroup;
			children = (
				D9F0226B2C453F8500A84881 /* EcoTime.entitlements */,
				D9F0222F2C4539FA00A84881 /* App.swift */,
				D9F0223D2C453A9400A84881 /* Views */,
				D93B04432C482B2300802D2B /* Components */,
				D9F0223E2C453A9C00A84881 /* Resources */,
				D9F022352C4539FB00A84881 /* Preview Content */,
			);
			path = EcoTime;
			sourceTree = "<group>";
		};
		D9F022352C4539FB00A84881 /* Preview Content */ = {
			isa = PBXGroup;
			children = (
				D9F022362C4539FB00A84881 /* Preview Assets.xcassets */,
			);
			path = "Preview Content";
			sourceTree = "<group>";
		};
		D9F0223D2C453A9400A84881 /* Views */ = {
			isa = PBXGroup;
			children = (
				D9F022402C453B2700A84881 /* HomeView.swift */,
				D93B04412C482A6D00802D2B /* StatisticsView.swift */,
			);
			path = Views;
			sourceTree = "<group>";
		};
		D9F0223E2C453A9C00A84881 /* Resources */ = {
			isa = PBXGroup;
			children = (
				D9F0223F2C453AAB00A84881 /* Assets */,
				D97C64402C46949300758B97 /* Extension */,
				D93B04462C482B6F00802D2B /* Managers */,
			);
			path = Resources;
			sourceTree = "<group>";
		};
		D9F0223F2C453AAB00A84881 /* Assets */ = {
			isa = PBXGroup;
			children = (
				D9F022332C4539FB00A84881 /* Assets.xcassets */,
			);
			path = Assets;
			sourceTree = "<group>";
		};
		D9F022712C453F9E00A84881 /* ReportExtension */ = {
			isa = PBXGroup;
			children = (
				D9F022722C453F9E00A84881 /* ReportExtension.swift */,
				D9F022742C453F9E00A84881 /* TotalActivityReport.swift */,
				D9F022932C454DCE00A84881 /* Views */,
				D9F022912C454DB200A84881 /* Components */,
				D9F022922C454DBF00A84881 /* Model */,
				D9F0228B2C454C6C00A84881 /* Resources */,
				D9F022782C453F9E00A84881 /* Info.plist */,
				D9F022792C453F9E00A84881 /* ReportExtension.entitlements */,
			);
			path = ReportExtension;
			sourceTree = "<group>";
		};
		D9F0228B2C454C6C00A84881 /* Resources */ = {
			isa = PBXGroup;
			children = (
				D9F0228C2C454C7300A84881 /* Extensions */,
				D93B04202C48243100802D2B /* Fonts */,
			);
			path = Resources;
			sourceTree = "<group>";
		};
		D9F0228C2C454C7300A84881 /* Extensions */ = {
			isa = PBXGroup;
			children = (
				D93B04512C48320000802D2B /* DeviceActivityReportContext+Extensions.swift */,
				D97C64442C4698ED00758B97 /* Double+Extensions.swift */,
				D9F0228F2C454CD500A84881 /* Int+Extensions.swift */,
			);
			path = Extensions;
			sourceTree = "<group>";
		};
		D9F022912C454DB200A84881 /* Components */ = {
			isa = PBXGroup;
			children = (
				D93B043F2C48272000802D2B /* CircleChart.swift */,
				D9F022892C454B9C00A84881 /* AppActivityRow.swift */,
			);
			path = Components;
			sourceTree = "<group>";
		};
		D9F022922C454DBF00A84881 /* Model */ = {
			isa = PBXGroup;
			children = (
				D9F022872C45481E00A84881 /* AppDeviceActivity.swift */,
			);
			path = Model;
			sourceTree = "<group>";
		};
		D9F022932C454DCE00A84881 /* Views */ = {
			isa = PBXGroup;
			children = (
				D9F022762C453F9E00A84881 /* TotalActivityView.swift */,
				D93B044F2C48310100802D2B /* DashboardView.swift */,
			);
			path = Views;
			sourceTree = "<group>";
		};
/* End PBXGroup section */

/* Begin PBXNativeTarget section */
		D9F0222B2C4539FA00A84881 /* EcoTime */ = {
			isa = PBXNativeTarget;
			buildConfigurationList = D9F0223A2C4539FB00A84881 /* Build configuration list for PBXNativeTarget "EcoTime" */;
			buildPhases = (
				D9F022282C4539FA00A84881 /* Sources */,
				D9F022292C4539FA00A84881 /* Frameworks */,
				D9F0222A2C4539FA00A84881 /* Resources */,
				D9F022562C453BA000A84881 /* Embed ExtensionKit Extensions */,
			);
			buildRules = (
			);
			dependencies = (
				D9F0227B2C453F9E00A84881 /* PBXTargetDependency */,
			);
			name = EcoTime;
			productName = EcoTime;
			productReference = D9F0222C2C4539FA00A84881 /* EcoTime.app */;
			productType = "com.apple.product-type.application";
		};
		D9F0226F2C453F9E00A84881 /* ReportExtension */ = {
			isa = PBXNativeTarget;
			buildConfigurationList = D9F0227D2C453F9E00A84881 /* Build configuration list for PBXNativeTarget "ReportExtension" */;
			buildPhases = (
				D9F0226C2C453F9E00A84881 /* Sources */,
				D9F0226D2C453F9E00A84881 /* Frameworks */,
				D9F0226E2C453F9E00A84881 /* Resources */,
			);
			buildRules = (
			);
			dependencies = (
			);
			name = ReportExtension;
			productName = ReportExtension;
			productReference = D9F022702C453F9E00A84881 /* ReportExtension.appex */;
			productType = "com.apple.product-type.extensionkit-extension";
		};
/* End PBXNativeTarget section */

/* Begin PBXProject section */
		D9F022242C4539FA00A84881 /* Project object */ = {
			isa = PBXProject;
			attributes = {
				BuildIndependentTargetsInParallel = 1;
				LastSwiftUpdateCheck = 1540;
				LastUpgradeCheck = 1540;
				TargetAttributes = {
					D9F0222B2C4539FA00A84881 = {
						CreatedOnToolsVersion = 15.4;
					};
					D9F0226F2C453F9E00A84881 = {
						CreatedOnToolsVersion = 15.4;
					};
				};
			};
			buildConfigurationList = D9F022272C4539FA00A84881 /* Build configuration list for PBXProject "EcoTime" */;
			compatibilityVersion = "Xcode 14.0";
			developmentRegion = en;
			hasScannedForEncodings = 0;
			knownRegions = (
				en,
				Base,
			);
			mainGroup = D9F022232C4539FA00A84881;
			productRefGroup = D9F0222D2C4539FA00A84881 /* Products */;
			projectDirPath = "";
			projectRoot = "";
			targets = (
				D9F0222B2C4539FA00A84881 /* EcoTime */,
				D9F0226F2C453F9E00A84881 /* ReportExtension */,
			);
		};
/* End PBXProject section */

/* Begin PBXResourcesBuildPhase section */
		D9F0222A2C4539FA00A84881 /* Resources */ = {
			isa = PBXResourcesBuildPhase;
			buildActionMask = 2147483647;
			files = (
				D93B043A2C48244F00802D2B /* BarlowSemiCondensed-ExtraBold.ttf in Resources */,
				D93B04342C48244F00802D2B /* BarlowSemiCondensed-Medium.ttf in Resources */,
				D93B042E2C48244F00802D2B /* BarlowSemiCondensed-Regular.ttf in Resources */,
				D93B04322C48244F00802D2B /* BarlowSemiCondensed-Bold.ttf in Resources */,
				D93B042A2C48244F00802D2B /* BarlowSemiCondensed-Black.ttf in Resources */,
				D9F022372C4539FB00A84881 /* Preview Assets.xcassets in Resources */,
				D93B04302C48244F00802D2B /* BarlowSemiCondensed-SemiBold.ttf in Resources */,
				D9F022342C4539FB00A84881 /* Assets.xcassets in Resources */,
			);
			runOnlyForDeploymentPostprocessing = 0;
		};
		D9F0226E2C453F9E00A84881 /* Resources */ = {
			isa = PBXResourcesBuildPhase;
			buildActionMask = 2147483647;
			files = (
				D93B043B2C48244F00802D2B /* BarlowSemiCondensed-ExtraBold.ttf in Resources */,
				D93B04312C48244F00802D2B /* BarlowSemiCondensed-SemiBold.ttf in Resources */,
				D93B04332C48244F00802D2B /* BarlowSemiCondensed-Bold.ttf in Resources */,
				D93B042B2C48244F00802D2B /* BarlowSemiCondensed-Black.ttf in Resources */,
				D93B04352C48244F00802D2B /* BarlowSemiCondensed-Medium.ttf in Resources */,
				D93B042F2C48244F00802D2B /* BarlowSemiCondensed-Regular.ttf in Resources */,
			);
			runOnlyForDeploymentPostprocessing = 0;
		};
/* End PBXResourcesBuildPhase section */

/* Begin PBXSourcesBuildPhase section */
		D9F022282C4539FA00A84881 /* Sources */ = {
			isa = PBXSourcesBuildPhase;
			buildActionMask = 2147483647;
			files = (
				D93B04532C48320E00802D2B /* DeviceActivityReportContext+Extensions.swift in Sources */,
				D93B044B2C482CC700802D2B /* AppDeviceActivity.swift in Sources */,
				D93B043D2C48255E00802D2B /* Font.swift in Sources */,
				D93B04422C482A6D00802D2B /* StatisticsView.swift in Sources */,
				D9F022412C453B2700A84881 /* HomeView.swift in Sources */,
				D9F022302C4539FA00A84881 /* App.swift in Sources */,
				D97C64422C4694A200758B97 /* Color+Extensions.swift in Sources */,
				D93B04482C482B8400802D2B /* DeviceActivityManager.swift in Sources */,
			);
			runOnlyForDeploymentPostprocessing = 0;
		};
		D9F0226C2C453F9E00A84881 /* Sources */ = {
			isa = PBXSourcesBuildPhase;
			buildActionMask = 2147483647;
			files = (
				D97C64452C4698ED00758B97 /* Double+Extensions.swift in Sources */,
				D93B04502C48310100802D2B /* DashboardView.swift in Sources */,
				D93B04522C48320000802D2B /* DeviceActivityReportContext+Extensions.swift in Sources */,
				D9F022772C453F9E00A84881 /* TotalActivityView.swift in Sources */,
				D93B044D2C482EBB00802D2B /* CircleChart.swift in Sources */,
				D93B04492C482B8400802D2B /* DeviceActivityManager.swift in Sources */,
				D9F0228A2C454B9C00A84881 /* AppActivityRow.swift in Sources */,
				D97C64432C4694B800758B97 /* Color+Extensions.swift in Sources */,
				D9F022732C453F9E00A84881 /* ReportExtension.swift in Sources */,
				D93B043E2C48255E00802D2B /* Font.swift in Sources */,
				D9F022902C454CD500A84881 /* Int+Extensions.swift in Sources */,
				D9F022882C45481E00A84881 /* AppDeviceActivity.swift in Sources */,
				D9F022752C453F9E00A84881 /* TotalActivityReport.swift in Sources */,
			);
			runOnlyForDeploymentPostprocessing = 0;
		};
/* End PBXSourcesBuildPhase section */

/* Begin PBXTargetDependency section */
		D9F0227B2C453F9E00A84881 /* PBXTargetDependency */ = {
			isa = PBXTargetDependency;
			target = D9F0226F2C453F9E00A84881 /* ReportExtension */;
			targetProxy = D9F0227A2C453F9E00A84881 /* PBXContainerItemProxy */;
		};
/* End PBXTargetDependency section */

/* Begin XCBuildConfiguration section */
		D9F022382C4539FB00A84881 /* Debug */ = {
			isa = XCBuildConfiguration;
			buildSettings = {
				ALWAYS_SEARCH_USER_PATHS = NO;
				ASSETCATALOG_COMPILER_GENERATE_SWIFT_ASSET_SYMBOL_EXTENSIONS = YES;
				CLANG_ANALYZER_NONNULL = YES;
				CLANG_ANALYZER_NUMBER_OBJECT_CONVERSION = YES_AGGRESSIVE;
				CLANG_CXX_LANGUAGE_STANDARD = "gnu++20";
				CLANG_ENABLE_MODULES = YES;
				CLANG_ENABLE_OBJC_ARC = YES;
				CLANG_ENABLE_OBJC_WEAK = YES;
				CLANG_WARN_BLOCK_CAPTURE_AUTORELEASING = YES;
				CLANG_WARN_BOOL_CONVERSION = YES;
				CLANG_WARN_COMMA = YES;
				CLANG_WARN_CONSTANT_CONVERSION = YES;
				CLANG_WARN_DEPRECATED_OBJC_IMPLEMENTATIONS = YES;
				CLANG_WARN_DIRECT_OBJC_ISA_USAGE = YES_ERROR;
				CLANG_WARN_DOCUMENTATION_COMMENTS = YES;
				CLANG_WARN_EMPTY_BODY = YES;
				CLANG_WARN_ENUM_CONVERSION = YES;
				CLANG_WARN_INFINITE_RECURSION = YES;
				CLANG_WARN_INT_CONVERSION = YES;
				CLANG_WARN_NON_LITERAL_NULL_CONVERSION = YES;
				CLANG_WARN_OBJC_IMPLICIT_RETAIN_SELF = YES;
				CLANG_WARN_OBJC_LITERAL_CONVERSION = YES;
				CLANG_WARN_OBJC_ROOT_CLASS = YES_ERROR;
				CLANG_WARN_QUOTED_INCLUDE_IN_FRAMEWORK_HEADER = YES;
				CLANG_WARN_RANGE_LOOP_ANALYSIS = YES;
				CLANG_WARN_STRICT_PROTOTYPES = YES;
				CLANG_WARN_SUSPICIOUS_MOVE = YES;
				CLANG_WARN_UNGUARDED_AVAILABILITY = YES_AGGRESSIVE;
				CLANG_WARN_UNREACHABLE_CODE = YES;
				CLANG_WARN__DUPLICATE_METHOD_MATCH = YES;
				COPY_PHASE_STRIP = NO;
				DEBUG_INFORMATION_FORMAT = dwarf;
				ENABLE_STRICT_OBJC_MSGSEND = YES;
				ENABLE_TESTABILITY = YES;
				ENABLE_USER_SCRIPT_SANDBOXING = YES;
				GCC_C_LANGUAGE_STANDARD = gnu17;
				GCC_DYNAMIC_NO_PIC = NO;
				GCC_NO_COMMON_BLOCKS = YES;
				GCC_OPTIMIZATION_LEVEL = 0;
				GCC_PREPROCESSOR_DEFINITIONS = (
					"DEBUG=1",
					"$(inherited)",
				);
				GCC_WARN_64_TO_32_BIT_CONVERSION = YES;
				GCC_WARN_ABOUT_RETURN_TYPE = YES_ERROR;
				GCC_WARN_UNDECLARED_SELECTOR = YES;
				GCC_WARN_UNINITIALIZED_AUTOS = YES_AGGRESSIVE;
				GCC_WARN_UNUSED_FUNCTION = YES;
				GCC_WARN_UNUSED_VARIABLE = YES;
				IPHONEOS_DEPLOYMENT_TARGET = 17.0;
				LOCALIZATION_PREFERS_STRING_CATALOGS = YES;
				MTL_ENABLE_DEBUG_INFO = INCLUDE_SOURCE;
				MTL_FAST_MATH = YES;
				ONLY_ACTIVE_ARCH = YES;
				SDKROOT = iphoneos;
				SWIFT_ACTIVE_COMPILATION_CONDITIONS = "DEBUG $(inherited)";
				SWIFT_OPTIMIZATION_LEVEL = "-Onone";
			};
			name = Debug;
		};
		D9F022392C4539FB00A84881 /* Release */ = {
			isa = XCBuildConfiguration;
			buildSettings = {
				ALWAYS_SEARCH_USER_PATHS = NO;
				ASSETCATALOG_COMPILER_GENERATE_SWIFT_ASSET_SYMBOL_EXTENSIONS = YES;
				CLANG_ANALYZER_NONNULL = YES;
				CLANG_ANALYZER_NUMBER_OBJECT_CONVERSION = YES_AGGRESSIVE;
				CLANG_CXX_LANGUAGE_STANDARD = "gnu++20";
				CLANG_ENABLE_MODULES = YES;
				CLANG_ENABLE_OBJC_ARC = YES;
				CLANG_ENABLE_OBJC_WEAK = YES;
				CLANG_WARN_BLOCK_CAPTURE_AUTORELEASING = YES;
				CLANG_WARN_BOOL_CONVERSION = YES;
				CLANG_WARN_COMMA = YES;
				CLANG_WARN_CONSTANT_CONVERSION = YES;
				CLANG_WARN_DEPRECATED_OBJC_IMPLEMENTATIONS = YES;
				CLANG_WARN_DIRECT_OBJC_ISA_USAGE = YES_ERROR;
				CLANG_WARN_DOCUMENTATION_COMMENTS = YES;
				CLANG_WARN_EMPTY_BODY = YES;
				CLANG_WARN_ENUM_CONVERSION = YES;
				CLANG_WARN_INFINITE_RECURSION = YES;
				CLANG_WARN_INT_CONVERSION = YES;
				CLANG_WARN_NON_LITERAL_NULL_CONVERSION = YES;
				CLANG_WARN_OBJC_IMPLICIT_RETAIN_SELF = YES;
				CLANG_WARN_OBJC_LITERAL_CONVERSION = YES;
				CLANG_WARN_OBJC_ROOT_CLASS = YES_ERROR;
				CLANG_WARN_QUOTED_INCLUDE_IN_FRAMEWORK_HEADER = YES;
				CLANG_WARN_RANGE_LOOP_ANALYSIS = YES;
				CLANG_WARN_STRICT_PROTOTYPES = YES;
				CLANG_WARN_SUSPICIOUS_MOVE = YES;
				CLANG_WARN_UNGUARDED_AVAILABILITY = YES_AGGRESSIVE;
				CLANG_WARN_UNREACHABLE_CODE = YES;
				CLANG_WARN__DUPLICATE_METHOD_MATCH = YES;
				COPY_PHASE_STRIP = NO;
				DEBUG_INFORMATION_FORMAT = "dwarf-with-dsym";
				ENABLE_NS_ASSERTIONS = NO;
				ENABLE_STRICT_OBJC_MSGSEND = YES;
				ENABLE_USER_SCRIPT_SANDBOXING = YES;
				GCC_C_LANGUAGE_STANDARD = gnu17;
				GCC_NO_COMMON_BLOCKS = YES;
				GCC_WARN_64_TO_32_BIT_CONVERSION = YES;
				GCC_WARN_ABOUT_RETURN_TYPE = YES_ERROR;
				GCC_WARN_UNDECLARED_SELECTOR = YES;
				GCC_WARN_UNINITIALIZED_AUTOS = YES_AGGRESSIVE;
				GCC_WARN_UNUSED_FUNCTION = YES;
				GCC_WARN_UNUSED_VARIABLE = YES;
				IPHONEOS_DEPLOYMENT_TARGET = 17.0;
				LOCALIZATION_PREFERS_STRING_CATALOGS = YES;
				MTL_ENABLE_DEBUG_INFO = NO;
				MTL_FAST_MATH = YES;
				SDKROOT = iphoneos;
				SWIFT_COMPILATION_MODE = wholemodule;
				VALIDATE_PRODUCT = YES;
			};
			name = Release;
		};
		D9F0223B2C4539FB00A84881 /* Debug */ = {
			isa = XCBuildConfiguration;
			buildSettings = {
				ALWAYS_EMBED_SWIFT_STANDARD_LIBRARIES = YES;
				ASSETCATALOG_COMPILER_APPICON_NAME = AppIcon;
				ASSETCATALOG_COMPILER_GLOBAL_ACCENT_COLOR_NAME = AccentColor;
				CODE_SIGN_ENTITLEMENTS = EcoTime/EcoTime.entitlements;
				CODE_SIGN_STYLE = Automatic;
				CURRENT_PROJECT_VERSION = 1;
				DEVELOPMENT_ASSET_PATHS = "\"EcoTime/Preview Content\"";
				DEVELOPMENT_TEAM = 8TMMB69WBG;
				ENABLE_PREVIEWS = YES;
				GENERATE_INFOPLIST_FILE = YES;
				INFOPLIST_KEY_UIApplicationSceneManifest_Generation = YES;
				INFOPLIST_KEY_UIApplicationSupportsIndirectInputEvents = YES;
				INFOPLIST_KEY_UILaunchScreen_Generation = YES;
				INFOPLIST_KEY_UISupportedInterfaceOrientations = UIInterfaceOrientationPortrait;
				INFOPLIST_KEY_UISupportedInterfaceOrientations_iPad = "UIInterfaceOrientationLandscapeLeft UIInterfaceOrientationLandscapeRight UIInterfaceOrientationPortrait UIInterfaceOrientationPortraitUpsideDown";
				LD_RUNPATH_SEARCH_PATHS = (
					"$(inherited)",
					"@executable_path/Frameworks",
				);
				MARKETING_VERSION = 1.0;
				PRODUCT_BUNDLE_IDENTIFIER = sementa.com.EcoTime;
				PRODUCT_NAME = "$(TARGET_NAME)";
				SUPPORTED_PLATFORMS = "iphoneos iphonesimulator";
				SUPPORTS_MACCATALYST = NO;
				SUPPORTS_MAC_DESIGNED_FOR_IPHONE_IPAD = NO;
				SUPPORTS_XR_DESIGNED_FOR_IPHONE_IPAD = NO;
				SWIFT_EMIT_LOC_STRINGS = YES;
				SWIFT_VERSION = 5.0;
				TARGETED_DEVICE_FAMILY = 1;
			};
			name = Debug;
		};
		D9F0223C2C4539FB00A84881 /* Release */ = {
			isa = XCBuildConfiguration;
			buildSettings = {
				ALWAYS_EMBED_SWIFT_STANDARD_LIBRARIES = YES;
				ASSETCATALOG_COMPILER_APPICON_NAME = AppIcon;
				ASSETCATALOG_COMPILER_GLOBAL_ACCENT_COLOR_NAME = AccentColor;
				CODE_SIGN_ENTITLEMENTS = EcoTime/EcoTime.entitlements;
				CODE_SIGN_STYLE = Automatic;
				CURRENT_PROJECT_VERSION = 1;
				DEVELOPMENT_ASSET_PATHS = "\"EcoTime/Preview Content\"";
				DEVELOPMENT_TEAM = 8TMMB69WBG;
				ENABLE_PREVIEWS = YES;
				GENERATE_INFOPLIST_FILE = YES;
				INFOPLIST_KEY_UIApplicationSceneManifest_Generation = YES;
				INFOPLIST_KEY_UIApplicationSupportsIndirectInputEvents = YES;
				INFOPLIST_KEY_UILaunchScreen_Generation = YES;
				INFOPLIST_KEY_UISupportedInterfaceOrientations = UIInterfaceOrientationPortrait;
				INFOPLIST_KEY_UISupportedInterfaceOrientations_iPad = "UIInterfaceOrientationLandscapeLeft UIInterfaceOrientationLandscapeRight UIInterfaceOrientationPortrait UIInterfaceOrientationPortraitUpsideDown";
				LD_RUNPATH_SEARCH_PATHS = (
					"$(inherited)",
					"@executable_path/Frameworks",
				);
				MARKETING_VERSION = 1.0;
				PRODUCT_BUNDLE_IDENTIFIER = sementa.com.EcoTime;
				PRODUCT_NAME = "$(TARGET_NAME)";
				SUPPORTED_PLATFORMS = "iphoneos iphonesimulator";
				SUPPORTS_MACCATALYST = NO;
				SUPPORTS_MAC_DESIGNED_FOR_IPHONE_IPAD = NO;
				SUPPORTS_XR_DESIGNED_FOR_IPHONE_IPAD = NO;
				SWIFT_EMIT_LOC_STRINGS = YES;
				SWIFT_VERSION = 5.0;
				TARGETED_DEVICE_FAMILY = 1;
			};
			name = Release;
		};
		D9F0227E2C453F9E00A84881 /* Debug */ = {
			isa = XCBuildConfiguration;
			buildSettings = {
				CODE_SIGN_ENTITLEMENTS = ReportExtension/ReportExtension.entitlements;
				CODE_SIGN_STYLE = Automatic;
				CURRENT_PROJECT_VERSION = 1;
				DEVELOPMENT_TEAM = 8TMMB69WBG;
				ENABLE_APP_SANDBOX = NO;
				ENABLE_USER_SCRIPT_SANDBOXING = NO;
				GENERATE_INFOPLIST_FILE = YES;
				INFOPLIST_FILE = ReportExtension/Info.plist;
				INFOPLIST_KEY_CFBundleDisplayName = ReportExtension;
				INFOPLIST_KEY_NSHumanReadableCopyright = "";
				IPHONEOS_DEPLOYMENT_TARGET = 17.5;
				LD_RUNPATH_SEARCH_PATHS = (
					"$(inherited)",
					"@executable_path/Frameworks",
					"@executable_path/../../Frameworks",
				);
				MARKETING_VERSION = 1.0;
				PRODUCT_BUNDLE_IDENTIFIER = sementa.com.EcoTime.ReportExtension;
				PRODUCT_NAME = "$(TARGET_NAME)";
				SKIP_INSTALL = YES;
				SWIFT_EMIT_LOC_STRINGS = YES;
				SWIFT_VERSION = 5.0;
				TARGETED_DEVICE_FAMILY = "1,2";
			};
			name = Debug;
		};
		D9F0227F2C453F9E00A84881 /* Release */ = {
			isa = XCBuildConfiguration;
			buildSettings = {
				CODE_SIGN_ENTITLEMENTS = ReportExtension/ReportExtension.entitlements;
				CODE_SIGN_STYLE = Automatic;
				CURRENT_PROJECT_VERSION = 1;
				DEVELOPMENT_TEAM = 8TMMB69WBG;
				ENABLE_APP_SANDBOX = NO;
				ENABLE_USER_SCRIPT_SANDBOXING = NO;
				GENERATE_INFOPLIST_FILE = YES;
				INFOPLIST_FILE = ReportExtension/Info.plist;
				INFOPLIST_KEY_CFBundleDisplayName = ReportExtension;
				INFOPLIST_KEY_NSHumanReadableCopyright = "";
				IPHONEOS_DEPLOYMENT_TARGET = 17.5;
				LD_RUNPATH_SEARCH_PATHS = (
					"$(inherited)",
					"@executable_path/Frameworks",
					"@executable_path/../../Frameworks",
				);
				MARKETING_VERSION = 1.0;
				PRODUCT_BUNDLE_IDENTIFIER = sementa.com.EcoTime.ReportExtension;
				PRODUCT_NAME = "$(TARGET_NAME)";
				SKIP_INSTALL = YES;
				SWIFT_EMIT_LOC_STRINGS = YES;
				SWIFT_VERSION = 5.0;
				TARGETED_DEVICE_FAMILY = "1,2";
			};
			name = Release;
		};
/* End XCBuildConfiguration section */

/* Begin XCConfigurationList section */
		D9F022272C4539FA00A84881 /* Build configuration list for PBXProject "EcoTime" */ = {
			isa = XCConfigurationList;
			buildConfigurations = (
				D9F022382C4539FB00A84881 /* Debug */,
				D9F022392C4539FB00A84881 /* Release */,
			);
			defaultConfigurationIsVisible = 0;
			defaultConfigurationName = Release;
		};
		D9F0223A2C4539FB00A84881 /* Build configuration list for PBXNativeTarget "EcoTime" */ = {
			isa = XCConfigurationList;
			buildConfigurations = (
				D9F0223B2C4539FB00A84881 /* Debug */,
				D9F0223C2C4539FB00A84881 /* Release */,
			);
			defaultConfigurationIsVisible = 0;
			defaultConfigurationName = Release;
		};
		D9F0227D2C453F9E00A84881 /* Build configuration list for PBXNativeTarget "ReportExtension" */ = {
			isa = XCConfigurationList;
			buildConfigurations = (
				D9F0227E2C453F9E00A84881 /* Debug */,
				D9F0227F2C453F9E00A84881 /* Release */,
			);
			defaultConfigurationIsVisible = 0;
			defaultConfigurationName = Release;
		};
/* End XCConfigurationList section */
	};
	rootObject = D9F022242C4539FA00A84881 /* Project object */;
}
